{
  "object": {
    "pins": [
      {
        "package": "SwifterSwift",
        "repositoryURL": "https://github.com/SwifterSwift/SwifterSwift.git",
        "state": {
          "branch": null,
          "revision": "f9f0c151aa70d3199eff512b903d1f8cff7ff856",
          "version": "5.1.0"
        }
      }
    ]
  },
  "version": 1
}
